
Microsoft Visual Studio Solution File, Format Version 12.00
# Visual Studio Version 17
VisualStudioVersion = 17.2.32616.157
MinimumVisualStudioVersion = 10.0.40219.1
Project("{FAE04EC0-301F-11D3-BF4B-00C04F79EFBC}") = "DapperTrial", "DapperTrial\DapperTrial.csproj", "{B6517784-93A8-4B08-AEB2-8410BED2ACC3}"
EndProject
Global
	GlobalSection(SolutionConfigurationPlatforms) = preSolution
		Debug|Any CPU = Debug|Any CPU
		Release|Any CPU = Release|Any CPU
	EndGlobalSection
	GlobalSection(ProjectConfigurationPlatforms) = postSolution
		{B6517784-93A8-4B08-AEB2-8410BED2ACC3}.Debug|Any CPU.ActiveCfg = Debug|Any CPU
		{B6517784-93A8-4B08-AEB2-8410BED2ACC3}.Debug|Any CPU.Build.0 = Debug|Any CPU
		{B6517784-93A8-4B08-AEB2-8410BED2ACC3}.Release|Any CPU.ActiveCfg = Release|Any CPU
		{B6517784-93A8-4B08-AEB2-8410BED2ACC3}.Release|Any CPU.Build.0 = Release|Any CPU
	EndGlobalSection
	GlobalSection(SolutionProperties) = preSolution
		HideSolutionNode = FALSE
	EndGlobalSection
	GlobalSection(ExtensibilityGlobals) = postSolution
		SolutionGuid = {B216B789-4145-4388-8ACA-890C67D98B4B}
	EndGlobalSection
EndGlobal
